
Microsoft Visual Studio Solution File, Format Version 12.00
# Visual Studio Version 16
VisualStudioVersion = 16.0.31729.503
MinimumVisualStudioVersion = 10.0.40219.1
Project("{FAE04EC0-301F-11D3-BF4B-00C04F79EFBC}") = "SudokuSolverLib", "SudokuSolverLib\SudokuSolverLib.csproj", "{19D665AB-EB91-4B41-B0F6-524A7492E7EE}"
EndProject
Project("{FAE04EC0-301F-11D3-BF4B-00C04F79EFBC}") = "SudokuSloverLib.Tests", "SudokuSloverLib.Tests\SudokuSloverLib.Tests.csproj", "{F2445796-FD29-4EE9-82E2-A559A872456B}"
	ProjectSection(ProjectDependencies) = postProject
		{19D665AB-EB91-4B41-B0F6-524A7492E7EE} = {19D665AB-EB91-4B41-B0F6-524A7492E7EE}
	EndProjectSection
EndProject
Global
	GlobalSection(SolutionConfigurationPlatforms) = preSolution
		Debug|Any CPU = Debug|Any CPU
		Release|Any CPU = Release|Any CPU
	EndGlobalSection
	GlobalSection(ProjectConfigurationPlatforms) = postSolution
		{19D665AB-EB91-4B41-B0F6-524A7492E7EE}.Debug|Any CPU.ActiveCfg = Debug|Any CPU
		{19D665AB-EB91-4B41-B0F6-524A7492E7EE}.Debug|Any CPU.Build.0 = Debug|Any CPU
		{19D665AB-EB91-4B41-B0F6-524A7492E7EE}.Release|Any CPU.ActiveCfg = Release|Any CPU
		{19D665AB-EB91-4B41-B0F6-524A7492E7EE}.Release|Any CPU.Build.0 = Release|Any CPU
		{F2445796-FD29-4EE9-82E2-A559A872456B}.Debug|Any CPU.ActiveCfg = Debug|Any CPU
		{F2445796-FD29-4EE9-82E2-A559A872456B}.Debug|Any CPU.Build.0 = Debug|Any CPU
		{F2445796-FD29-4EE9-82E2-A559A872456B}.Release|Any CPU.ActiveCfg = Release|Any CPU
		{F2445796-FD29-4EE9-82E2-A559A872456B}.Release|Any CPU.Build.0 = Release|Any CPU
	EndGlobalSection
	GlobalSection(SolutionProperties) = preSolution
		HideSolutionNode = FALSE
	EndGlobalSection
	GlobalSection(ExtensibilityGlobals) = postSolution
		SolutionGuid = {A582134A-2E78-4B65-B24F-71D5F7A764EE}
	EndGlobalSection
EndGlobal
